
Microsoft Visual Studio Solution File, Format Version 12.00
# Visual Studio Version 16
VisualStudioVersion = 16.0.31410.357
MinimumVisualStudioVersion = 10.0.40219.1
Project("{9A19103F-16F7-4668-BE54-9A1E7A4F7556}") = "ConnectFourAI", "ConnectFourAI\ConnectFourAI.csproj", "{7FA5C47D-D575-409F-88DC-2B64509B9AB0}"
EndProject
Project("{FAE04EC0-301F-11D3-BF4B-00C04F79EFBC}") = "Connect4AITest", "Connect4AITest\Connect4AITest.csproj", "{8CD3C47B-B46D-4A90-91D8-7459D0190F00}"
EndProject
Global
	GlobalSection(SolutionConfigurationPlatforms) = preSolution
		Debug|Any CPU = Debug|Any CPU
		Release|Any CPU = Release|Any CPU
	EndGlobalSection
	GlobalSection(ProjectConfigurationPlatforms) = postSolution
		{7FA5C47D-D575-409F-88DC-2B64509B9AB0}.Debug|Any CPU.ActiveCfg = Debug|Any CPU
		{7FA5C47D-D575-409F-88DC-2B64509B9AB0}.Debug|Any CPU.Build.0 = Debug|Any CPU
		{7FA5C47D-D575-409F-88DC-2B64509B9AB0}.Release|Any CPU.ActiveCfg = Release|Any CPU
		{7FA5C47D-D575-409F-88DC-2B64509B9AB0}.Release|Any CPU.Build.0 = Release|Any CPU
		{8CD3C47B-B46D-4A90-91D8-7459D0190F00}.Debug|Any CPU.ActiveCfg = Debug|Any CPU
		{8CD3C47B-B46D-4A90-91D8-7459D0190F00}.Debug|Any CPU.Build.0 = Debug|Any CPU
		{8CD3C47B-B46D-4A90-91D8-7459D0190F00}.Release|Any CPU.ActiveCfg = Release|Any CPU
		{8CD3C47B-B46D-4A90-91D8-7459D0190F00}.Release|Any CPU.Build.0 = Release|Any CPU
	EndGlobalSection
	GlobalSection(SolutionProperties) = preSolution
		HideSolutionNode = FALSE
	EndGlobalSection
	GlobalSection(ExtensibilityGlobals) = postSolution
		SolutionGuid = {8D8FAFDB-D751-4FD9-AB73-48DBCC20F5A4}
	EndGlobalSection
EndGlobal
